// !$*UTF8*$!
{
	archiveVersion = 1;
	classes = {
	};
	objectVersion = 46;
	objects = {

/* Begin PBXBuildFile section */
		1113C5601598F124000C197D /* Inventory.m in Sources */ = {isa = PBXBuildFile; fileRef = 1113C55F1598F124000C197D /* Inventory.m */; };
		1113C56715992457000C197D /* beer-57x57.png in Resources */ = {isa = PBXBuildFile; fileRef = 1113C56615992457000C197D /* beer-57x57.png */; };
		1113C56915992467000C197D /* beer-114x114.png in Resources */ = {isa = PBXBuildFile; fileRef = 1113C56815992467000C197D /* beer-114x114.png */; };
		116C64AD1595ED170088B4C1 /* UIKit.framework in Frameworks */ = {isa = PBXBuildFile; fileRef = 116C64AC1595ED170088B4C1 /* UIKit.framework */; };
		116C64AF1595ED170088B4C1 /* Foundation.framework in Frameworks */ = {isa = PBXBuildFile; fileRef = 116C64AE1595ED170088B4C1 /* Foundation.framework */; };
		116C64B11595ED170088B4C1 /* CoreGraphics.framework in Frameworks */ = {isa = PBXBuildFile; fileRef = 116C64B01595ED170088B4C1 /* CoreGraphics.framework */; };
		116C64B71595ED170088B4C1 /* InfoPlist.strings in Resources */ = {isa = PBXBuildFile; fileRef = 116C64B51595ED170088B4C1 /* InfoPlist.strings */; };
		116C64B91595ED170088B4C1 /* main.m in Sources */ = {isa = PBXBuildFile; fileRef = 116C64B81595ED170088B4C1 /* main.m */; };
		116C64BD1595ED170088B4C1 /* AppDelegate.m in Sources */ = {isa = PBXBuildFile; fileRef = 116C64BC1595ED170088B4C1 /* AppDelegate.m */; };
		116C64C01595ED170088B4C1 /* InventoryViewController.m in Sources */ = {isa = PBXBuildFile; fileRef = 116C64BF1595ED170088B4C1 /* InventoryViewController.m */; };
		116C64C71595ED170088B4C1 /* OrderViewController.m in Sources */ = {isa = PBXBuildFile; fileRef = 116C64C61595ED170088B4C1 /* OrderViewController.m */; };
		116C64CE1595ED170088B4C1 /* InventoryViewController.xib in Resources */ = {isa = PBXBuildFile; fileRef = 116C64CC1595ED170088B4C1 /* InventoryViewController.xib */; };
		116C64D11595ED170088B4C1 /* OrderViewController.xib in Resources */ = {isa = PBXBuildFile; fileRef = 116C64CF1595ED170088B4C1 /* OrderViewController.xib */; };
		11A18C06159D17B9002EA11E /* Icon.png in Resources */ = {isa = PBXBuildFile; fileRef = 11A18C05159D17B9002EA11E /* Icon.png */; };
		11B799B515965E6300679DFE /* DrinkItem.m in Sources */ = {isa = PBXBuildFile; fileRef = 11B799B415965E6300679DFE /* DrinkItem.m */; };
		11BC7A00159621A400AA581D /* beer-icon.png in Resources */ = {isa = PBXBuildFile; fileRef = 11BC79FF159621A400AA581D /* beer-icon.png */; };
		11BC7A041596239C00AA581D /* shopping-cart-icon.png in Resources */ = {isa = PBXBuildFile; fileRef = 11BC7A021596239C00AA581D /* shopping-cart-icon.png */; };
		11BC7A051596239C00AA581D /* shopping-cart-icon@2x.png in Resources */ = {isa = PBXBuildFile; fileRef = 11BC7A031596239C00AA581D /* shopping-cart-icon@2x.png */; };
		11BC7A07159623B000AA581D /* beer-icon@2x.png in Resources */ = {isa = PBXBuildFile; fileRef = 11BC7A06159623B000AA581D /* beer-icon@2x.png */; };
/* End PBXBuildFile section */

/* Begin PBXFileReference section */
		1113C55E1598F124000C197D /* Inventory.h */ = {isa = PBXFileReference; fileEncoding = 4; lastKnownFileType = sourcecode.c.h; path = Inventory.h; sourceTree = "<group>"; };
		1113C55F1598F124000C197D /* Inventory.m */ = {isa = PBXFileReference; fileEncoding = 4; lastKnownFileType = sourcecode.c.objc; path = Inventory.m; sourceTree = "<group>"; };
		1113C56615992457000C197D /* beer-57x57.png */ = {isa = PBXFileReference; lastKnownFileType = image.png; path = "beer-57x57.png"; sourceTree = "<group>"; };
		1113C56815992467000C197D /* beer-114x114.png */ = {isa = PBXFileReference; lastKnownFileType = image.png; path = "beer-114x114.png"; sourceTree = "<group>"; };
		116C64A81595ED170088B4C1 /* BuyRound.app */ = {isa = PBXFileReference; explicitFileType = wrapper.application; includeInIndex = 0; path = BuyRound.app; sourceTree = BUILT_PRODUCTS_DIR; };
		116C64AC1595ED170088B4C1 /* UIKit.framework */ = {isa = PBXFileReference; lastKnownFileType = wrapper.framework; name = UIKit.framework; path = System/Library/Frameworks/UIKit.framework; sourceTree = SDKROOT; };
		116C64AE1595ED170088B4C1 /* Foundation.framework */ = {isa = PBXFileReference; lastKnownFileType = wrapper.framework; name = Foundation.framework; path = System/Library/Frameworks/Foundation.framework; sourceTree = SDKROOT; };
		116C64B01595ED170088B4C1 /* CoreGraphics.framework */ = {isa = PBXFileReference; lastKnownFileType = wrapper.framework; name = CoreGraphics.framework; path = System/Library/Frameworks/CoreGraphics.framework; sourceTree = SDKROOT; };
		116C64B41595ED170088B4C1 /* BuyRound-Info.plist */ = {isa = PBXFileReference; lastKnownFileType = text.plist.xml; path = "BuyRound-Info.plist"; sourceTree = "<group>"; };
		116C64B61595ED170088B4C1 /* en */ = {isa = PBXFileReference; lastKnownFileType = text.plist.strings; name = en; path = en.lproj/InfoPlist.strings; sourceTree = "<group>"; };
		116C64B81595ED170088B4C1 /* main.m */ = {isa = PBXFileReference; lastKnownFileType = sourcecode.c.objc; path = main.m; sourceTree = "<group>"; };
		116C64BA1595ED170088B4C1 /* BuyRound-Prefix.pch */ = {isa = PBXFileReference; lastKnownFileType = sourcecode.c.h; path = "BuyRound-Prefix.pch"; sourceTree = "<group>"; };
		116C64BB1595ED170088B4C1 /* AppDelegate.h */ = {isa = PBXFileReference; lastKnownFileType = sourcecode.c.h; path = AppDelegate.h; sourceTree = "<group>"; };
		116C64BC1595ED170088B4C1 /* AppDelegate.m */ = {isa = PBXFileReference; lastKnownFileType = sourcecode.c.objc; path = AppDelegate.m; sourceTree = "<group>"; };
		116C64BE1595ED170088B4C1 /* InventoryViewController.h */ = {isa = PBXFileReference; lastKnownFileType = sourcecode.c.h; path = InventoryViewController.h; sourceTree = "<group>"; };
		116C64BF1595ED170088B4C1 /* InventoryViewController.m */ = {isa = PBXFileReference; lastKnownFileType = sourcecode.c.objc; path = InventoryViewController.m; sourceTree = "<group>"; };
		116C64C51595ED170088B4C1 /* OrderViewController.h */ = {isa = PBXFileReference; lastKnownFileType = sourcecode.c.h; path = OrderViewController.h; sourceTree = "<group>"; };
		116C64C61595ED170088B4C1 /* OrderViewController.m */ = {isa = PBXFileReference; lastKnownFileType = sourcecode.c.objc; path = OrderViewController.m; sourceTree = "<group>"; };
		116C64CD1595ED170088B4C1 /* en */ = {isa = PBXFileReference; lastKnownFileType = file.xib; name = en; path = en.lproj/InventoryViewController.xib; sourceTree = "<group>"; };
		116C64D01595ED170088B4C1 /* en */ = {isa = PBXFileReference; lastKnownFileType = file.xib; name = en; path = en.lproj/OrderViewController.xib; sourceTree = "<group>"; };
		11A18C05159D17B9002EA11E /* Icon.png */ = {isa = PBXFileReference; lastKnownFileType = image.png; path = Icon.png; sourceTree = "<group>"; };
		11B799B315965E6300679DFE /* DrinkItem.h */ = {isa = PBXFileReference; fileEncoding = 4; lastKnownFileType = sourcecode.c.h; path = DrinkItem.h; sourceTree = "<group>"; };
		11B799B415965E6300679DFE /* DrinkItem.m */ = {isa = PBXFileReference; fileEncoding = 4; lastKnownFileType = sourcecode.c.objc; path = DrinkItem.m; sourceTree = "<group>"; };
		11BC79FF159621A400AA581D /* beer-icon.png */ = {isa = PBXFileReference; lastKnownFileType = image.png; path = "beer-icon.png"; sourceTree = "<group>"; };
		11BC7A021596239C00AA581D /* shopping-cart-icon.png */ = {isa = PBXFileReference; lastKnownFileType = image.png; path = "shopping-cart-icon.png"; sourceTree = "<group>"; };
		11BC7A031596239C00AA581D /* shopping-cart-icon@2x.png */ = {isa = PBXFileReference; lastKnownFileType = image.png; path = "shopping-cart-icon@2x.png"; sourceTree = "<group>"; };
		11BC7A06159623B000AA581D /* beer-icon@2x.png */ = {isa = PBXFileReference; lastKnownFileType = image.png; path = "beer-icon@2x.png"; sourceTree = "<group>"; };
/* End PBXFileReference section */

/* Begin PBXFrameworksBuildPhase section */
		116C64A51595ED170088B4C1 /* Frameworks */ = {
			isa = PBXFrameworksBuildPhase;
			buildActionMask = 2147483647;
			files = (
				116C64AD1595ED170088B4C1 /* UIKit.framework in Frameworks */,
				116C64AF1595ED170088B4C1 /* Foundation.framework in Frameworks */,
				116C64B11595ED170088B4C1 /* CoreGraphics.framework in Frameworks */,
			);
			runOnlyForDeploymentPostprocessing = 0;
		};
/* End PBXFrameworksBuildPhase section */

/* Begin PBXGroup section */
		116C649D1595ED170088B4C1 = {
			isa = PBXGroup;
			children = (
				11A18C05159D17B9002EA11E /* Icon.png */,
				1113C56815992467000C197D /* beer-114x114.png */,
				1113C56615992457000C197D /* beer-57x57.png */,
				116C64B21595ED170088B4C1 /* BuyRound */,
				116C64AB1595ED170088B4C1 /* Frameworks */,
				116C64A91595ED170088B4C1 /* Products */,
			);
			sourceTree = "<group>";
		};
		116C64A91595ED170088B4C1 /* Products */ = {
			isa = PBXGroup;
			children = (
				116C64A81595ED170088B4C1 /* BuyRound.app */,
			);
			name = Products;
			sourceTree = "<group>";
		};
		116C64AB1595ED170088B4C1 /* Frameworks */ = {
			isa = PBXGroup;
			children = (
				116C64AC1595ED170088B4C1 /* UIKit.framework */,
				116C64AE1595ED170088B4C1 /* Foundation.framework */,
				116C64B01595ED170088B4C1 /* CoreGraphics.framework */,
			);
			name = Frameworks;
			sourceTree = "<group>";
		};
		116C64B21595ED170088B4C1 /* BuyRound */ = {
			isa = PBXGroup;
			children = (
				11BC7A06159623B000AA581D /* beer-icon@2x.png */,
				11BC7A021596239C00AA581D /* shopping-cart-icon.png */,
				11BC7A031596239C00AA581D /* shopping-cart-icon@2x.png */,
				11BC79FF159621A400AA581D /* beer-icon.png */,
				116C64BB1595ED170088B4C1 /* AppDelegate.h */,
				116C64BC1595ED170088B4C1 /* AppDelegate.m */,
				116C64BE1595ED170088B4C1 /* InventoryViewController.h */,
				116C64BF1595ED170088B4C1 /* InventoryViewController.m */,
				116C64C51595ED170088B4C1 /* OrderViewController.h */,
				116C64C61595ED170088B4C1 /* OrderViewController.m */,
				1113C55E1598F124000C197D /* Inventory.h */,
				1113C55F1598F124000C197D /* Inventory.m */,
				116C64CC1595ED170088B4C1 /* InventoryViewController.xib */,
				11B799B315965E6300679DFE /* DrinkItem.h */,
				11B799B415965E6300679DFE /* DrinkItem.m */,
				116C64CF1595ED170088B4C1 /* OrderViewController.xib */,
				116C64B31595ED170088B4C1 /* Supporting Files */,
			);
			path = BuyRound;
			sourceTree = "<group>";
		};
		116C64B31595ED170088B4C1 /* Supporting Files */ = {
			isa = PBXGroup;
			children = (
				116C64B41595ED170088B4C1 /* BuyRound-Info.plist */,
				116C64B51595ED170088B4C1 /* InfoPlist.strings */,
				116C64B81595ED170088B4C1 /* main.m */,
				116C64BA1595ED170088B4C1 /* BuyRound-Prefix.pch */,
			);
			name = "Supporting Files";
			sourceTree = "<group>";
		};
/* End PBXGroup section */

/* Begin PBXNativeTarget section */
		116C64A71595ED170088B4C1 /* BuyRound */ = {
			isa = PBXNativeTarget;
			buildConfigurationList = 116C64D41595ED170088B4C1 /* Build configuration list for PBXNativeTarget "BuyRound" */;
			buildPhases = (
				116C64A41595ED170088B4C1 /* Sources */,
				116C64A51595ED170088B4C1 /* Frameworks */,
				116C64A61595ED170088B4C1 /* Resources */,
			);
			buildRules = (
			);
			dependencies = (
			);
			name = BuyRound;
			productName = BuyRound;
			productReference = 116C64A81595ED170088B4C1 /* BuyRound.app */;
			productType = "com.apple.product-type.application";
		};
/* End PBXNativeTarget section */

/* Begin PBXProject section */
		116C649F1595ED170088B4C1 /* Project object */ = {
			isa = PBXProject;
			attributes = {
				LastUpgradeCheck = 0440;
				ORGANIZATIONNAME = Temenos;
			};
			buildConfigurationList = 116C64A21595ED170088B4C1 /* Build configuration list for PBXProject "BuyRound" */;
			compatibilityVersion = "Xcode 3.2";
			developmentRegion = English;
			hasScannedForEncodings = 0;
			knownRegions = (
				en,
			);
			mainGroup = 116C649D1595ED170088B4C1;
			productRefGroup = 116C64A91595ED170088B4C1 /* Products */;
			projectDirPath = "";
			projectRoot = "";
			targets = (
				116C64A71595ED170088B4C1 /* BuyRound */,
			);
		};
/* End PBXProject section */

/* Begin PBXResourcesBuildPhase section */
		116C64A61595ED170088B4C1 /* Resources */ = {
			isa = PBXResourcesBuildPhase;
			buildActionMask = 2147483647;
			files = (
				116C64B71595ED170088B4C1 /* InfoPlist.strings in Resources */,
				116C64CE1595ED170088B4C1 /* InventoryViewController.xib in Resources */,
				116C64D11595ED170088B4C1 /* OrderViewController.xib in Resources */,
				11BC7A00159621A400AA581D /* beer-icon.png in Resources */,
				11BC7A041596239C00AA581D /* shopping-cart-icon.png in Resources */,
				11BC7A051596239C00AA581D /* shopping-cart-icon@2x.png in Resources */,
				11BC7A07159623B000AA581D /* beer-icon@2x.png in Resources */,
				1113C56715992457000C197D /* beer-57x57.png in Resources */,
				1113C56915992467000C197D /* beer-114x114.png in Resources */,
				11A18C06159D17B9002EA11E /* Icon.png in Resources */,
			);
			runOnlyForDeploymentPostprocessing = 0;
		};
/* End PBXResourcesBuildPhase section */

/* Begin PBXSourcesBuildPhase section */
		116C64A41595ED170088B4C1 /* Sources */ = {
			isa = PBXSourcesBuildPhase;
			buildActionMask = 2147483647;
			files = (
				116C64B91595ED170088B4C1 /* main.m in Sources */,
				116C64BD1595ED170088B4C1 /* AppDelegate.m in Sources */,
				116C64C01595ED170088B4C1 /* InventoryViewController.m in Sources */,
				116C64C71595ED170088B4C1 /* OrderViewController.m in Sources */,
				11B799B515965E6300679DFE /* DrinkItem.m in Sources */,
				1113C5601598F124000C197D /* Inventory.m in Sources */,
			);
			runOnlyForDeploymentPostprocessing = 0;
		};
/* End PBXSourcesBuildPhase section */

/* Begin PBXVariantGroup section */
		116C64B51595ED170088B4C1 /* InfoPlist.strings */ = {
			isa = PBXVariantGroup;
			children = (
				116C64B61595ED170088B4C1 /* en */,
			);
			name = InfoPlist.strings;
			sourceTree = "<group>";
		};
		116C64CC1595ED170088B4C1 /* InventoryViewController.xib */ = {
			isa = PBXVariantGroup;
			children = (
				116C64CD1595ED170088B4C1 /* en */,
			);
			name = InventoryViewController.xib;
			sourceTree = "<group>";
		};
		116C64CF1595ED170088B4C1 /* OrderViewController.xib */ = {
			isa = PBXVariantGroup;
			children = (
				116C64D01595ED170088B4C1 /* en */,
			);
			name = OrderViewController.xib;
			sourceTree = "<group>";
		};
/* End PBXVariantGroup section */

/* Begin XCBuildConfiguration section */
		116C64D21595ED170088B4C1 /* Debug */ = {
			isa = XCBuildConfiguration;
			buildSettings = {
				ALWAYS_SEARCH_USER_PATHS = NO;
				ARCHS = "$(ARCHS_STANDARD_32_BIT)";
				"CODE_SIGN_IDENTITY[sdk=iphoneos*]" = "iPhone Developer";
				COPY_PHASE_STRIP = NO;
				GCC_C_LANGUAGE_STANDARD = gnu99;
				GCC_DYNAMIC_NO_PIC = NO;
				GCC_OPTIMIZATION_LEVEL = 0;
				GCC_PREPROCESSOR_DEFINITIONS = (
					"DEBUG=1",
					"$(inherited)",
				);
				GCC_SYMBOLS_PRIVATE_EXTERN = NO;
				GCC_VERSION = com.apple.compilers.llvm.clang.1_0;
				GCC_WARN_ABOUT_RETURN_TYPE = YES;
				GCC_WARN_UNINITIALIZED_AUTOS = YES;
				GCC_WARN_UNUSED_VARIABLE = YES;
				IPHONEOS_DEPLOYMENT_TARGET = 5.1;
				SDKROOT = iphoneos;
			};
			name = Debug;
		};
		116C64D31595ED170088B4C1 /* Release */ = {
			isa = XCBuildConfiguration;
			buildSettings = {
				ALWAYS_SEARCH_USER_PATHS = NO;
				ARCHS = "$(ARCHS_STANDARD_32_BIT)";
				"CODE_SIGN_IDENTITY[sdk=iphoneos*]" = "iPhone Developer";
				COPY_PHASE_STRIP = YES;
				GCC_C_LANGUAGE_STANDARD = gnu99;
				GCC_VERSION = com.apple.compilers.llvm.clang.1_0;
				GCC_WARN_ABOUT_RETURN_TYPE = YES;
				GCC_WARN_UNINITIALIZED_AUTOS = YES;
				GCC_WARN_UNUSED_VARIABLE = YES;
				IPHONEOS_DEPLOYMENT_TARGET = 5.1;
				OTHER_CFLAGS = "-DNS_BLOCK_ASSERTIONS=1";
				SDKROOT = iphoneos;
				VALIDATE_PRODUCT = YES;
			};
			name = Release;
		};
		116C64D51595ED170088B4C1 /* Debug */ = {
			isa = XCBuildConfiguration;
			buildSettings = {
				ARCHS = (
					"$(ARCHS_STANDARD_32_BIT)",
					armv6,
				);
				CODE_SIGN_IDENTITY = "iPhone Distribution";
				GCC_PRECOMPILE_PREFIX_HEADER = YES;
				GCC_PREFIX_HEADER = "BuyRound/BuyRound-Prefix.pch";
				GCC_THUMB_SUPPORT = NO;
				INFOPLIST_FILE = "BuyRound/BuyRound-Info.plist";
				IPHONEOS_DEPLOYMENT_TARGET = 3.0;
				PRODUCT_NAME = "$(TARGET_NAME)";
				PROVISIONING_PROFILE = "";
				VALID_ARCHS = "armv6 armv7";
				WRAPPER_EXTENSION = app;
			};
			name = Debug;
		};
		116C64D61595ED170088B4C1 /* Release */ = {
			isa = XCBuildConfiguration;
			buildSettings = {
				ARCHS = (
					"$(ARCHS_STANDARD_32_BIT)",
					armv6,
				);
				CODE_SIGN_IDENTITY = "iPhone Distribution";
				GCC_PRECOMPILE_PREFIX_HEADER = YES;
				GCC_PREFIX_HEADER = "BuyRound/BuyRound-Prefix.pch";
				GCC_THUMB_SUPPORT = NO;
				INFOPLIST_FILE = "BuyRound/BuyRound-Info.plist";
				IPHONEOS_DEPLOYMENT_TARGET = 3.0;
				PRODUCT_NAME = "$(TARGET_NAME)";
				PROVISIONING_PROFILE = "";
				VALID_ARCHS = "armv6 armv7";
				WRAPPER_EXTENSION = app;
			};
			name = Release;
		};
/* End XCBuildConfiguration section */

/* Begin XCConfigurationList section */
		116C64A21595ED170088B4C1 /* Build configuration list for PBXProject "BuyRound" */ = {
			isa = XCConfigurationList;
			buildConfigurations = (
				116C64D21595ED170088B4C1 /* Debug */,
				116C64D31595ED170088B4C1 /* Release */,
			);
			defaultConfigurationIsVisible = 0;
			defaultConfigurationName = Release;
		};
		116C64D41595ED170088B4C1 /* Build configuration list for PBXNativeTarget "BuyRound" */ = {
			isa = XCConfigurationList;
			buildConfigurations = (
				116C64D51595ED170088B4C1 /* Debug */,
				116C64D61595ED170088B4C1 /* Release */,
			);
			defaultConfigurationIsVisible = 0;
			defaultConfigurationName = Release;
		};
/* End XCConfigurationList section */
	};
	rootObject = 116C649F1595ED170088B4C1 /* Project object */;
}
